<?xml version="1.0" encoding="utf-8"?>
<Project ToolsVersion="4.0" xmlns="http://schemas.microsoft.com/developer/msbuild/2003">
  <ItemGroup>
    <ClCompile Include="src\main.cpp">
      <Filter>src</Filter>
    </ClCompile>
    <ClCompile Include="src\realApp.cpp">
      <Filter>src</Filter>
    </ClCompile>
    <ClCompile Include="..\..\..\addons\ofxBox2d\libs\Box2D\Collision\b2BroadPhase.cpp">
      <Filter>ofxBox2d</Filter>
    </ClCompile>
    <ClCompile Include="..\..\..\addons\ofxBox2d\libs\Box2D\Collision\b2CollideCircle.cpp">
      <Filter>ofxBox2d</Filter>
    </ClCompile>
    <ClCompile Include="..\..\..\addons\ofxBox2d\libs\Box2D\Collision\b2CollidePolygon.cpp">
      <Filter>ofxBox2d</Filter>
    </ClCompile>
    <ClCompile Include="..\..\..\addons\ofxBox2d\libs\Box2D\Collision\b2Collision.cpp">
      <Filter>ofxBox2d</Filter>
    </ClCompile>
    <ClCompile Include="..\..\..\addons\ofxBox2d\libs\Box2D\Collision\b2Distance.cpp">
      <Filter>ofxBox2d</Filter>
    </ClCompile>
    <ClCompile Include="..\..\..\addons\ofxBox2d\libs\Box2D\Collision\b2DynamicTree.cpp">
      <Filter>ofxBox2d</Filter>
    </ClCompile>
    <ClCompile Include="..\..\..\addons\ofxBox2d\libs\Box2D\Collision\b2TimeOfImpact.cpp">
      <Filter>ofxBox2d</Filter>
    </ClCompile>
    <ClCompile Include="..\..\..\addons\ofxBox2d\libs\Box2D\Collision\Shapes\b2CircleShape.cpp">
      <Filter>ofxBox2d</Filter>
    </ClCompile>
    <ClCompile Include="..\..\..\addons\ofxBox2d\libs\Box2D\Collision\Shapes\b2PolygonShape.cpp">
      <Filter>ofxBox2d</Filter>
    </ClCompile>
    <ClCompile Include="..\..\..\addons\ofxBox2d\libs\Box2D\Common\b2BlockAllocator.cpp">
      <Filter>ofxBox2d</Filter>
    </ClCompile>
    <ClCompile Include="..\..\..\addons\ofxBox2d\libs\Box2D\Common\b2Math.cpp">
      <Filter>ofxBox2d</Filter>
    </ClCompile>
    <ClCompile Include="..\..\..\addons\ofxBox2d\libs\Box2D\Common\b2Settings.cpp">
      <Filter>ofxBox2d</Filter>
    </ClCompile>
    <ClCompile Include="..\..\..\addons\ofxBox2d\libs\Box2D\Common\b2StackAllocator.cpp">
      <Filter>ofxBox2d</Filter>
    </ClCompile>
    <ClCompile Include="..\..\..\addons\ofxBox2d\libs\Box2D\Dynamics\b2Body.cpp">
      <Filter>ofxBox2d</Filter>
    </ClCompile>
    <ClCompile Include="..\..\..\addons\ofxBox2d\libs\Box2D\Dynamics\b2ContactManager.cpp">
      <Filter>ofxBox2d</Filter>
    </ClCompile>
    <ClCompile Include="..\..\..\addons\ofxBox2d\libs\Box2D\Dynamics\b2Fixture.cpp">
      <Filter>ofxBox2d</Filter>
    </ClCompile>
    <ClCompile Include="..\..\..\addons\ofxBox2d\libs\Box2D\Dynamics\b2Island.cpp">
      <Filter>ofxBox2d</Filter>
    </ClCompile>
    <ClCompile Include="..\..\..\addons\ofxBox2d\libs\Box2D\Dynamics\b2World.cpp">
      <Filter>ofxBox2d</Filter>
    </ClCompile>
    <ClCompile Include="..\..\..\addons\ofxBox2d\libs\Box2D\Dynamics\b2WorldCallbacks.cpp">
      <Filter>ofxBox2d</Filter>
    </ClCompile>
    <ClCompile Include="..\..\..\addons\ofxBox2d\libs\Box2D\Dynamics\Contacts\b2CircleContact.cpp">
      <Filter>ofxBox2d</Filter>
    </ClCompile>
    <ClCompile Include="..\..\..\addons\ofxBox2d\libs\Box2D\Dynamics\Contacts\b2Contact.cpp">
      <Filter>ofxBox2d</Filter>
    </ClCompile>
    <ClCompile Include="..\..\..\addons\ofxBox2d\libs\Box2D\Dynamics\Contacts\b2ContactSolver.cpp">
      <Filter>ofxBox2d</Filter>
    </ClCompile>
    <ClCompile Include="..\..\..\addons\ofxBox2d\libs\Box2D\Dynamics\Contacts\b2PolygonAndCircleContact.cpp">
      <Filter>ofxBox2d</Filter>
    </ClCompile>
    <ClCompile Include="..\..\..\addons\ofxBox2d\libs\Box2D\Dynamics\Contacts\b2PolygonContact.cpp">
      <Filter>ofxBox2d</Filter>
    </ClCompile>
    <ClCompile Include="..\..\..\addons\ofxBox2d\libs\Box2D\Dynamics\Contacts\b2TOISolver.cpp">
      <Filter>ofxBox2d</Filter>
    </ClCompile>
    <ClCompile Include="..\..\..\addons\ofxBox2d\libs\Box2D\Dynamics\Joints\b2DistanceJoint.cpp">
      <Filter>ofxBox2d</Filter>
    </ClCompile>
    <ClCompile Include="..\..\..\addons\ofxBox2d\libs\Box2D\Dynamics\Joints\b2FrictionJoint.cpp">
      <Filter>ofxBox2d</Filter>
    </ClCompile>
    <ClCompile Include="..\..\..\addons\ofxBox2d\libs\Box2D\Dynamics\Joints\b2GearJoint.cpp">
      <Filter>ofxBox2d</Filter>
    </ClCompile>
    <ClCompile Include="..\..\..\addons\ofxBox2d\libs\Box2D\Dynamics\Joints\b2Joint.cpp">
      <Filter>ofxBox2d</Filter>
    </ClCompile>
    <ClCompile Include="..\..\..\addons\ofxBox2d\libs\Box2D\Dynamics\Joints\b2LineJoint.cpp">
      <Filter>ofxBox2d</Filter>
    </ClCompile>
    <ClCompile Include="..\..\..\addons\ofxBox2d\libs\Box2D\Dynamics\Joints\b2MouseJoint.cpp">
      <Filter>ofxBox2d</Filter>
    </ClCompile>
    <ClCompile Include="..\..\..\addons\ofxBox2d\libs\Box2D\Dynamics\Joints\b2PrismaticJoint.cpp">
      <Filter>ofxBox2d</Filter>
    </ClCompile>
    <ClCompile Include="..\..\..\addons\ofxBox2d\libs\Box2D\Dynamics\Joints\b2PulleyJoint.cpp">
      <Filter>ofxBox2d</Filter>
    </ClCompile>
    <ClCompile Include="..\..\..\addons\ofxBox2d\libs\Box2D\Dynamics\Joints\b2RevoluteJoint.cpp">
      <Filter>ofxBox2d</Filter>
    </ClCompile>
    <ClCompile Include="..\..\..\addons\ofxBox2d\libs\Box2D\Dynamics\Joints\b2WeldJoint.cpp">
      <Filter>ofxBox2d</Filter>
    </ClCompile>
    <ClCompile Include="..\..\..\addons\ofxBox2d\libs\triangle\del_impl.cpp">
      <Filter>ofxBox2d</Filter>
    </ClCompile>
    <ClCompile Include="..\..\..\addons\ofxBox2d\src\ofxBox2d.cpp">
      <Filter>ofxBox2d</Filter>
    </ClCompile>
    <ClCompile Include="..\..\..\addons\ofxBox2d\src\ofxBox2dBaseShape.cpp">
      <Filter>ofxBox2d</Filter>
    </ClCompile>
    <ClCompile Include="..\..\..\addons\ofxBox2d\src\ofxBox2dCircle.cpp">
      <Filter>ofxBox2d</Filter>
    </ClCompile>
    <ClCompile Include="..\..\..\addons\ofxBox2d\src\ofxBox2dJoint.cpp">
      <Filter>ofxBox2d</Filter>
    </ClCompile>
    <ClCompile Include="..\..\..\addons\ofxBox2d\src\ofxBox2dPolygon.cpp">
      <Filter>ofxBox2d</Filter>
    </ClCompile>
    <ClCompile Include="..\..\..\addons\ofxBox2d\src\ofxBox2dRect.cpp">
      <Filter>ofxBox2d</Filter>
    </ClCompile>
    <ClCompile Include="src\gate.cpp">
      <Filter>src</Filter>
    </ClCompile>
    <ClCompile Include="src\formWidget.cpp">
      <Filter>src</Filter>
    </ClCompile>
  </ItemGroup>
  <ItemGroup>
    <Filter Include="src">
      <UniqueIdentifier>{d8376475-7454-4a24-b08a-aac121d3ad6f}</UniqueIdentifier>
    </Filter>
    <Filter Include="ofxUI">
      <UniqueIdentifier>{1b7c6d9a-5ac1-4f5b-b663-7f339b7596d0}</UniqueIdentifier>
    </Filter>
    <Filter Include="ofxBox2d">
      <UniqueIdentifier>{f0417bb2-0ced-4f20-a398-de0958196c15}</UniqueIdentifier>
    </Filter>
  </ItemGroup>
  <ItemGroup>
    <ClInclude Include="src\realApp.h">
      <Filter>src</Filter>
    </ClInclude>
    <ClInclude Include="..\..\..\addons\ofxUI\src\ofxUI.h">
      <Filter>ofxUI</Filter>
    </ClInclude>
    <ClInclude Include="..\..\..\addons\ofxUI\src\ofxUI2DPad.h">
      <Filter>ofxUI</Filter>
    </ClInclude>
    <ClInclude Include="..\..\..\addons\ofxUI\src\ofxUIBiLabelSlider.h">
      <Filter>ofxUI</Filter>
    </ClInclude>
    <ClInclude Include="..\..\..\addons\ofxUI\src\ofxUIButton.h">
      <Filter>ofxUI</Filter>
    </ClInclude>
    <ClInclude Include="..\..\..\addons\ofxUI\src\ofxUICanvas.h">
      <Filter>ofxUI</Filter>
    </ClInclude>
    <ClInclude Include="..\..\..\addons\ofxUI\src\ofxUICircleSlider.h">
      <Filter>ofxUI</Filter>
    </ClInclude>
    <ClInclude Include="..\..\..\addons\ofxUI\src\ofxUICustomImageButton.h">
      <Filter>ofxUI</Filter>
    </ClInclude>
    <ClInclude Include="..\..\..\addons\ofxUI\src\ofxUIDropDownList.h">
      <Filter>ofxUI</Filter>
    </ClInclude>
    <ClInclude Include="..\..\..\addons\ofxUI\src\ofxUIEventArgs.h">
      <Filter>ofxUI</Filter>
    </ClInclude>
    <ClInclude Include="..\..\..\addons\ofxUI\src\ofxUIFPS.h">
      <Filter>ofxUI</Filter>
    </ClInclude>
    <ClInclude Include="..\..\..\addons\ofxUI\src\ofxUIFPSSlider.h">
      <Filter>ofxUI</Filter>
    </ClInclude>
    <ClInclude Include="..\..\..\addons\ofxUI\src\ofxUIImage.h">
      <Filter>ofxUI</Filter>
    </ClInclude>
    <ClInclude Include="..\..\..\addons\ofxUI\src\ofxUIImageButton.h">
      <Filter>ofxUI</Filter>
    </ClInclude>
    <ClInclude Include="..\..\..\addons\ofxUI\src\ofxUIImageSampler.h">
      <Filter>ofxUI</Filter>
    </ClInclude>
    <ClInclude Include="..\..\..\addons\ofxUI\src\ofxUIImageSlider.h">
      <Filter>ofxUI</Filter>
    </ClInclude>
    <ClInclude Include="..\..\..\addons\ofxUI\src\ofxUIImageToggle.h">
      <Filter>ofxUI</Filter>
    </ClInclude>
    <ClInclude Include="..\..\..\addons\ofxUI\src\ofxUILabel.h">
      <Filter>ofxUI</Filter>
    </ClInclude>
    <ClInclude Include="..\..\..\addons\ofxUI\src\ofxUILabelButton.h">
      <Filter>ofxUI</Filter>
    </ClInclude>
    <ClInclude Include="..\..\..\addons\ofxUI\src\ofxUILabelToggle.h">
      <Filter>ofxUI</Filter>
    </ClInclude>
    <ClInclude Include="..\..\..\addons\ofxUI\src\ofxUIMinimalSlider.h">
      <Filter>ofxUI</Filter>
    </ClInclude>
    <ClInclude Include="..\..\..\addons\ofxUI\src\ofxUIMovingGraph.h">
      <Filter>ofxUI</Filter>
    </ClInclude>
    <ClInclude Include="..\..\..\addons\ofxUI\src\ofxUIMultiImageButton.h">
      <Filter>ofxUI</Filter>
    </ClInclude>
    <ClInclude Include="..\..\..\addons\ofxUI\src\ofxUIMultiImageSlider.h">
      <Filter>ofxUI</Filter>
    </ClInclude>
    <ClInclude Include="..\..\..\addons\ofxUI\src\ofxUIMultiImageToggle.h">
      <Filter>ofxUI</Filter>
    </ClInclude>
    <ClInclude Include="..\..\..\addons\ofxUI\src\ofxUINumberDialer.h">
      <Filter>ofxUI</Filter>
    </ClInclude>
    <ClInclude Include="..\..\..\addons\ofxUI\src\ofxUIRadio.h">
      <Filter>ofxUI</Filter>
    </ClInclude>
    <ClInclude Include="..\..\..\addons\ofxUI\src\ofxUIRangeSlider.h">
      <Filter>ofxUI</Filter>
    </ClInclude>
    <ClInclude Include="..\..\..\addons\ofxUI\src\ofxUIRectangle.h">
      <Filter>ofxUI</Filter>
    </ClInclude>
    <ClInclude Include="..\..\..\addons\ofxUI\src\ofxUIRotarySlider.h">
      <Filter>ofxUI</Filter>
    </ClInclude>
    <ClInclude Include="..\..\..\addons\ofxUI\src\ofxUIScrollableCanvas.h">
      <Filter>ofxUI</Filter>
    </ClInclude>
    <ClInclude Include="..\..\..\addons\ofxUI\src\ofxUISlider.h">
      <Filter>ofxUI</Filter>
    </ClInclude>
    <ClInclude Include="..\..\..\addons\ofxUI\src\ofxUISpacer.h">
      <Filter>ofxUI</Filter>
    </ClInclude>
    <ClInclude Include="..\..\..\addons\ofxUI\src\ofxUISpectrum.h">
      <Filter>ofxUI</Filter>
    </ClInclude>
    <ClInclude Include="..\..\..\addons\ofxUI\src\ofxUITextInput.h">
      <Filter>ofxUI</Filter>
    </ClInclude>
    <ClInclude Include="..\..\..\addons\ofxUI\src\ofxUIToggle.h">
      <Filter>ofxUI</Filter>
    </ClInclude>
    <ClInclude Include="..\..\..\addons\ofxUI\src\ofxUIToggleMatrix.h">
      <Filter>ofxUI</Filter>
    </ClInclude>
    <ClInclude Include="..\..\..\addons\ofxUI\src\ofxUIWaveform.h">
      <Filter>ofxUI</Filter>
    </ClInclude>
    <ClInclude Include="..\..\..\addons\ofxUI\src\ofxUIWidget.h">
      <Filter>ofxUI</Filter>
    </ClInclude>
    <ClInclude Include="..\..\..\addons\ofxUI\src\ofxUIWidgetWithLabel.h">
      <Filter>ofxUI</Filter>
    </ClInclude>
    <ClInclude Include="..\..\..\addons\ofxBox2d\libs\Box2D\Box2D.h">
      <Filter>ofxBox2d</Filter>
    </ClInclude>
    <ClInclude Include="..\..\..\addons\ofxBox2d\libs\Box2D\Collision\b2BroadPhase.h">
      <Filter>ofxBox2d</Filter>
    </ClInclude>
    <ClInclude Include="..\..\..\addons\ofxBox2d\libs\Box2D\Collision\b2Collision.h">
      <Filter>ofxBox2d</Filter>
    </ClInclude>
    <ClInclude Include="..\..\..\addons\ofxBox2d\libs\Box2D\Collision\b2Distance.h">
      <Filter>ofxBox2d</Filter>
    </ClInclude>
    <ClInclude Include="..\..\..\addons\ofxBox2d\libs\Box2D\Collision\b2DynamicTree.h">
      <Filter>ofxBox2d</Filter>
    </ClInclude>
    <ClInclude Include="..\..\..\addons\ofxBox2d\libs\Box2D\Collision\b2TimeOfImpact.h">
      <Filter>ofxBox2d</Filter>
    </ClInclude>
    <ClInclude Include="..\..\..\addons\ofxBox2d\libs\Box2D\Collision\Shapes\b2CircleShape.h">
      <Filter>ofxBox2d</Filter>
    </ClInclude>
    <ClInclude Include="..\..\..\addons\ofxBox2d\libs\Box2D\Collision\Shapes\b2PolygonShape.h">
      <Filter>ofxBox2d</Filter>
    </ClInclude>
    <ClInclude Include="..\..\..\addons\ofxBox2d\libs\Box2D\Collision\Shapes\b2Shape.h">
      <Filter>ofxBox2d</Filter>
    </ClInclude>
    <ClInclude Include="..\..\..\addons\ofxBox2d\libs\Box2D\Common\b2BlockAllocator.h">
      <Filter>ofxBox2d</Filter>
    </ClInclude>
    <ClInclude Include="..\..\..\addons\ofxBox2d\libs\Box2D\Common\b2Math.h">
      <Filter>ofxBox2d</Filter>
    </ClInclude>
    <ClInclude Include="..\..\..\addons\ofxBox2d\libs\Box2D\Common\b2Settings.h">
      <Filter>ofxBox2d</Filter>
    </ClInclude>
    <ClInclude Include="..\..\..\addons\ofxBox2d\libs\Box2D\Common\b2StackAllocator.h">
      <Filter>ofxBox2d</Filter>
    </ClInclude>
    <ClInclude Include="..\..\..\addons\ofxBox2d\libs\Box2D\Dynamics\b2Body.h">
      <Filter>ofxBox2d</Filter>
    </ClInclude>
    <ClInclude Include="..\..\..\addons\ofxBox2d\libs\Box2D\Dynamics\b2ContactManager.h">
      <Filter>ofxBox2d</Filter>
    </ClInclude>
    <ClInclude Include="..\..\..\addons\ofxBox2d\libs\Box2D\Dynamics\b2Fixture.h">
      <Filter>ofxBox2d</Filter>
    </ClInclude>
    <ClInclude Include="..\..\..\addons\ofxBox2d\libs\Box2D\Dynamics\b2Island.h">
      <Filter>ofxBox2d</Filter>
    </ClInclude>
    <ClInclude Include="..\..\..\addons\ofxBox2d\libs\Box2D\Dynamics\b2TimeStep.h">
      <Filter>ofxBox2d</Filter>
    </ClInclude>
    <ClInclude Include="..\..\..\addons\ofxBox2d\libs\Box2D\Dynamics\b2World.h">
      <Filter>ofxBox2d</Filter>
    </ClInclude>
    <ClInclude Include="..\..\..\addons\ofxBox2d\libs\Box2D\Dynamics\b2WorldCallbacks.h">
      <Filter>ofxBox2d</Filter>
    </ClInclude>
    <ClInclude Include="..\..\..\addons\ofxBox2d\libs\Box2D\Dynamics\Contacts\b2CircleContact.h">
      <Filter>ofxBox2d</Filter>
    </ClInclude>
    <ClInclude Include="..\..\..\addons\ofxBox2d\libs\Box2D\Dynamics\Contacts\b2Contact.h">
      <Filter>ofxBox2d</Filter>
    </ClInclude>
    <ClInclude Include="..\..\..\addons\ofxBox2d\libs\Box2D\Dynamics\Contacts\b2ContactSolver.h">
      <Filter>ofxBox2d</Filter>
    </ClInclude>
    <ClInclude Include="..\..\..\addons\ofxBox2d\libs\Box2D\Dynamics\Contacts\b2PolygonAndCircleContact.h">
      <Filter>ofxBox2d</Filter>
    </ClInclude>
    <ClInclude Include="..\..\..\addons\ofxBox2d\libs\Box2D\Dynamics\Contacts\b2PolygonContact.h">
      <Filter>ofxBox2d</Filter>
    </ClInclude>
    <ClInclude Include="..\..\..\addons\ofxBox2d\libs\Box2D\Dynamics\Contacts\b2TOISolver.h">
      <Filter>ofxBox2d</Filter>
    </ClInclude>
    <ClInclude Include="..\..\..\addons\ofxBox2d\libs\Box2D\Dynamics\Joints\b2DistanceJoint.h">
      <Filter>ofxBox2d</Filter>
    </ClInclude>
    <ClInclude Include="..\..\..\addons\ofxBox2d\libs\Box2D\Dynamics\Joints\b2FrictionJoint.h">
      <Filter>ofxBox2d</Filter>
    </ClInclude>
    <ClInclude Include="..\..\..\addons\ofxBox2d\libs\Box2D\Dynamics\Joints\b2GearJoint.h">
      <Filter>ofxBox2d</Filter>
    </ClInclude>
    <ClInclude Include="..\..\..\addons\ofxBox2d\libs\Box2D\Dynamics\Joints\b2Joint.h">
      <Filter>ofxBox2d</Filter>
    </ClInclude>
    <ClInclude Include="..\..\..\addons\ofxBox2d\libs\Box2D\Dynamics\Joints\b2LineJoint.h">
      <Filter>ofxBox2d</Filter>
    </ClInclude>
    <ClInclude Include="..\..\..\addons\ofxBox2d\libs\Box2D\Dynamics\Joints\b2MouseJoint.h">
      <Filter>ofxBox2d</Filter>
    </ClInclude>
    <ClInclude Include="..\..\..\addons\ofxBox2d\libs\Box2D\Dynamics\Joints\b2PrismaticJoint.h">
      <Filter>ofxBox2d</Filter>
    </ClInclude>
    <ClInclude Include="..\..\..\addons\ofxBox2d\libs\Box2D\Dynamics\Joints\b2PulleyJoint.h">
      <Filter>ofxBox2d</Filter>
    </ClInclude>
    <ClInclude Include="..\..\..\addons\ofxBox2d\libs\Box2D\Dynamics\Joints\b2RevoluteJoint.h">
      <Filter>ofxBox2d</Filter>
    </ClInclude>
    <ClInclude Include="..\..\..\addons\ofxBox2d\libs\Box2D\Dynamics\Joints\b2WeldJoint.h">
      <Filter>ofxBox2d</Filter>
    </ClInclude>
    <ClInclude Include="..\..\..\addons\ofxBox2d\libs\triangle\assert.hpp">
      <Filter>ofxBox2d</Filter>
    </ClInclude>
    <ClInclude Include="..\..\..\addons\ofxBox2d\libs\triangle\del_interface.hpp">
      <Filter>ofxBox2d</Filter>
    </ClInclude>
    <ClInclude Include="..\..\..\addons\ofxBox2d\libs\triangle\dpoint.hpp">
      <Filter>ofxBox2d</Filter>
    </ClInclude>
    <ClInclude Include="..\..\..\addons\ofxBox2d\libs\triangle\triangle.h">
      <Filter>ofxBox2d</Filter>
    </ClInclude>
    <ClInclude Include="..\..\..\addons\ofxBox2d\libs\triangle\triangle_impl.hpp">
      <Filter>ofxBox2d</Filter>
    </ClInclude>
    <ClInclude Include="..\..\..\addons\ofxBox2d\src\ofxBox2d.h">
      <Filter>ofxBox2d</Filter>
    </ClInclude>
    <ClInclude Include="..\..\..\addons\ofxBox2d\src\ofxBox2dBaseShape.h">
      <Filter>ofxBox2d</Filter>
    </ClInclude>
    <ClInclude Include="..\..\..\addons\ofxBox2d\src\ofxBox2dCircle.h">
      <Filter>ofxBox2d</Filter>
    </ClInclude>
    <ClInclude Include="..\..\..\addons\ofxBox2d\src\ofxBox2dContactListener.h">
      <Filter>ofxBox2d</Filter>
    </ClInclude>
    <ClInclude Include="..\..\..\addons\ofxBox2d\src\ofxBox2dJoint.h">
      <Filter>ofxBox2d</Filter>
    </ClInclude>
    <ClInclude Include="..\..\..\addons\ofxBox2d\src\ofxBox2dPolygon.h">
      <Filter>ofxBox2d</Filter>
    </ClInclude>
    <ClInclude Include="..\..\..\addons\ofxBox2d\src\ofxBox2dPolygonUtils.h">
      <Filter>ofxBox2d</Filter>
    </ClInclude>
    <ClInclude Include="..\..\..\addons\ofxBox2d\src\ofxBox2dRect.h">
      <Filter>ofxBox2d</Filter>
    </ClInclude>
    <ClInclude Include="..\..\..\addons\ofxBox2d\src\ofxBox2dRender.h">
      <Filter>ofxBox2d</Filter>
    </ClInclude>
    <ClInclude Include="..\..\..\addons\ofxBox2d\src\ofxBox2dUtils.h">
      <Filter>ofxBox2d</Filter>
    </ClInclude>
  </ItemGroup>
</Project>